
Microsoft Visual Studio Solution File, Format Version 12.00
# Visual Studio Version 17
VisualStudioVersion = 17.9.34728.123
MinimumVisualStudioVersion = 10.0.40219.1
Project("{FAE04EC0-301F-11D3-BF4B-00C04F79EFBC}") = "CompanyManagement", "CompanyManagement\CompanyManagement.csproj", "{E872BA1C-D494-4711-996E-2F23791C05F6}"
EndProject
Global
	GlobalSection(SolutionConfigurationPlatforms) = preSolution
		Debug|Any CPU = Debug|Any CPU
		Release|Any CPU = Release|Any CPU
	EndGlobalSection
	GlobalSection(ProjectConfigurationPlatforms) = postSolution
		{E872BA1C-D494-4711-996E-2F23791C05F6}.Debug|Any CPU.ActiveCfg = Debug|Any CPU
		{E872BA1C-D494-4711-996E-2F23791C05F6}.Debug|Any CPU.Build.0 = Debug|Any CPU
		{E872BA1C-D494-4711-996E-2F23791C05F6}.Release|Any CPU.ActiveCfg = Release|Any CPU
		{E872BA1C-D494-4711-996E-2F23791C05F6}.Release|Any CPU.Build.0 = Release|Any CPU
	EndGlobalSection
	GlobalSection(SolutionProperties) = preSolution
		HideSolutionNode = FALSE
	EndGlobalSection
	GlobalSection(ExtensibilityGlobals) = postSolution
		SolutionGuid = {54F84AD5-9C74-4C63-A43B-AE34117CCC44}
	EndGlobalSection
EndGlobal
